
Microsoft Visual Studio Solution File, Format Version 12.00
# Visual Studio Version 16
VisualStudioVersion = 16.0.33927.289
MinimumVisualStudioVersion = 10.0.40219.1
Project("{FAE04EC0-301F-11D3-BF4B-00C04F79EFBC}") = "doc_Umbraco", "doc_Umbraco\doc_Umbraco.csproj", "{E7817E70-0AA5-41CA-B383-A0886C6C797D}"
EndProject
Global
	GlobalSection(SolutionConfigurationPlatforms) = preSolution
		Debug|Any CPU = Debug|Any CPU
		Release|Any CPU = Release|Any CPU
	EndGlobalSection
	GlobalSection(ProjectConfigurationPlatforms) = postSolution
		{E7817E70-0AA5-41CA-B383-A0886C6C797D}.Debug|Any CPU.ActiveCfg = Debug|Any CPU
		{E7817E70-0AA5-41CA-B383-A0886C6C797D}.Debug|Any CPU.Build.0 = Debug|Any CPU
		{E7817E70-0AA5-41CA-B383-A0886C6C797D}.Release|Any CPU.ActiveCfg = Release|Any CPU
		{E7817E70-0AA5-41CA-B383-A0886C6C797D}.Release|Any CPU.Build.0 = Release|Any CPU
	EndGlobalSection
	GlobalSection(SolutionProperties) = preSolution
		HideSolutionNode = FALSE
	EndGlobalSection
	GlobalSection(ExtensibilityGlobals) = postSolution
		SolutionGuid = {16CFA8E1-AEF1-4D4A-96BC-62A24B13D31B}
	EndGlobalSection
EndGlobal
